github.com/dvcrn/pocketsmith-go v0.0.0-20250106020014-f10cbfe20d70 h1:oZW98o4hzFP6kGtNjHzQI3MsxAw8GtjNbMEuxAPgC3s=
github.com/dvcrn/pocketsmith-go v0.0.0-20250106020014-f10cbfe20d70/go.mod h1:rRx2gtJK+78Po3CCQzaZzfb7rcNSxhq4r3xz7Cj9U8M=
github.com/dvcrn/pocketsmith-go v0.0.0-20250108083909-18bd6e4f98f2 h1:8SPeDbUMQjl1RcAMrP0reKo5lyI4egGrZvfJjsyPrLA=
github.com/dvcrn/pocketsmith-go v0.0.0-20250108083909-18bd6e4f98f2/go.mod h1:rRx2gtJK+78Po3CCQzaZzfb7rcNSxhq4r3xz7Cj9U8M=
github.com/dvcrn/pocketsmith-go v0.0.0-20250108090313-1c1d1a55f5af h1:1hsozVAQ/2JOUp0JjVyvdt7f4j2FAAUQcT+nUzijNV4=
github.com/dvcrn/pocketsmith-go v0.0.0-20250108090313-1c1d1a55f5af/go.mod h1:rRx2gtJK+78Po3CCQzaZzfb7rcNSxhq4r3xz7Cj9U8M=
